
Microsoft Visual Studio Solution File, Format Version 12.00
# Visual Studio 2013
VisualStudioVersion = 12.0.21005.1
MinimumVisualStudioVersion = 10.0.40219.1
Project("{8BC9CEB8-8B4A-11D0-8D11-00A0C91BC942}") = "LibMH", "LibMH\LibMH.vcxproj", "{87C1F9D3-1D48-451C-ACD1-B531F82FF621}"
EndProject
Project("{8BC9CEB8-8B4A-11D0-8D11-00A0C91BC942}") = "Test", "Test\Test.vcxproj", "{77890BEE-E53D-4B29-B5D5-9F8D21EA581C}"
EndProject
Global
	GlobalSection(SolutionConfigurationPlatforms) = preSolution
		Debug|Win32 = Debug|Win32
		Release|Win32 = Release|Win32
	EndGlobalSection
	GlobalSection(ProjectConfigurationPlatforms) = postSolution
		{87C1F9D3-1D48-451C-ACD1-B531F82FF621}.Debug|Win32.ActiveCfg = Debug|Win32
		{87C1F9D3-1D48-451C-ACD1-B531F82FF621}.Debug|Win32.Build.0 = Debug|Win32
		{87C1F9D3-1D48-451C-ACD1-B531F82FF621}.Release|Win32.ActiveCfg = Release|Win32
		{87C1F9D3-1D48-451C-ACD1-B531F82FF621}.Release|Win32.Build.0 = Release|Win32
		{77890BEE-E53D-4B29-B5D5-9F8D21EA581C}.Debug|Win32.ActiveCfg = Debug|Win32
		{77890BEE-E53D-4B29-B5D5-9F8D21EA581C}.Debug|Win32.Build.0 = Debug|Win32
		{77890BEE-E53D-4B29-B5D5-9F8D21EA581C}.Release|Win32.ActiveCfg = Release|Win32
		{77890BEE-E53D-4B29-B5D5-9F8D21EA581C}.Release|Win32.Build.0 = Release|Win32
	EndGlobalSection
	GlobalSection(SolutionProperties) = preSolution
		HideSolutionNode = FALSE
	EndGlobalSection
EndGlobal
