<?xml version="1.0" encoding="utf-8"?>
<Project ToolsVersion="4.0" xmlns="http://schemas.microsoft.com/developer/msbuild/2003">
  <ItemGroup>
    <Filter Include="源文件">
      <UniqueIdentifier>{4FC737F1-C7A5-4376-A066-2A32D752A2FF}</UniqueIdentifier>
      <Extensions>cpp;c;cc;cxx;def;odl;idl;hpj;bat;asm;asmx</Extensions>
    </Filter>
    <Filter Include="头文件">
      <UniqueIdentifier>{93995380-89BD-4b04-88EB-625FBE52EBFB}</UniqueIdentifier>
      <Extensions>h;hh;hpp;hxx;hm;inl;inc;xsd</Extensions>
    </Filter>
    <Filter Include="资源文件">
      <UniqueIdentifier>{67DA6AB6-F800-4c08-8B7A-83BB121AAD01}</UniqueIdentifier>
      <Extensions>rc;ico;cur;bmp;dlg;rc2;rct;bin;rgs;gif;jpg;jpeg;jpe;resx;tiff;tif;png;wav;mfcribbon-ms</Extensions>
    </Filter>
  </ItemGroup>
  <ItemGroup>
    <ClInclude Include="LibMH.h">
      <Filter>头文件</Filter>
    </ClInclude>
    <ClInclude Include="NetWork\NetworkWorker.h">
      <Filter>头文件</Filter>
    </ClInclude>
    <ClInclude Include="NetWork\Session.h">
      <Filter>头文件</Filter>
    </ClInclude>
    <ClInclude Include="NetWork\SessionService.h">
      <Filter>头文件</Filter>
    </ClInclude>
    <ClInclude Include="NetWork\SessionServiceManager.h">
      <Filter>头文件</Filter>
    </ClInclude>
    <ClInclude Include="Thread\Runable.hpp">
      <Filter>头文件</Filter>
    </ClInclude>
    <ClInclude Include="Thread\Service.h">
      <Filter>头文件</Filter>
    </ClInclude>
    <ClInclude Include="Thread\Worker.h">
      <Filter>头文件</Filter>
    </ClInclude>
    <ClInclude Include="Utils\ByteUtils.hpp">
      <Filter>头文件</Filter>
    </ClInclude>
    <ClInclude Include="Utils\StringUtils.h">
      <Filter>头文件</Filter>
    </ClInclude>
    <ClInclude Include="Common\MHMacro.h">
      <Filter>头文件</Filter>
    </ClInclude>
    <ClInclude Include="Common\MHComInc.h">
      <Filter>头文件</Filter>
    </ClInclude>
    <ClInclude Include="Thread\Message.h">
      <Filter>头文件</Filter>
    </ClInclude>
    <ClInclude Include="NetWork\NetMessageCodec.h">
      <Filter>头文件</Filter>
    </ClInclude>
    <ClInclude Include="NetWork\NetMessageFactory.h">
      <Filter>头文件</Filter>
    </ClInclude>
  </ItemGroup>
  <ItemGroup>
    <ClCompile Include="NetWork\NetworkWorker.cpp">
      <Filter>源文件</Filter>
    </ClCompile>
    <ClCompile Include="NetWork\Session.cpp">
      <Filter>源文件</Filter>
    </ClCompile>
    <ClCompile Include="NetWork\SessionService.cpp">
      <Filter>源文件</Filter>
    </ClCompile>
    <ClCompile Include="NetWork\SessionServiceManager.cpp">
      <Filter>源文件</Filter>
    </ClCompile>
    <ClCompile Include="Thread\Service.cpp">
      <Filter>源文件</Filter>
    </ClCompile>
    <ClCompile Include="Thread\Worker.cpp">
      <Filter>源文件</Filter>
    </ClCompile>
    <ClCompile Include="Utils\StringUtils.cpp">
      <Filter>源文件</Filter>
    </ClCompile>
    <ClCompile Include="NetWork\NetMessageCodec.cpp">
      <Filter>源文件</Filter>
    </ClCompile>
    <ClCompile Include="NetWork\NetMessageFactory.cpp">
      <Filter>源文件</Filter>
    </ClCompile>
  </ItemGroup>
</Project>